
Microsoft Visual Studio Solution File, Format Version 12.00
# Visual Studio 14
VisualStudioVersion = 14.0.23107.0
MinimumVisualStudioVersion = 10.0.40219.1
Project("{FAE04EC0-301F-11D3-BF4B-00C04F79EFBC}") = "MovieMeter.Droid", "MovieMeter.Droid\MovieMeter.Droid.csproj", "{7BB40226-D602-4E9C-8ABF-8933528AE74D}"
EndProject
Project("{FAE04EC0-301F-11D3-BF4B-00C04F79EFBC}") = "MovieMeter.iOS", "MovieMeter.iOS\MovieMeter.iOS.csproj", "{DDCFD165-2117-4D3E-9DF5-CD900BFBC83F}"
EndProject
Project("{FAE04EC0-301F-11D3-BF4B-00C04F79EFBC}") = "MovieMeter.WinPhone", "MovieMeter.WinPhone\MovieMeter.WinPhone.csproj", "{52D3CB37-829C-4B1B-B46D-E2B9145EC94B}"
EndProject
Project("{FAE04EC0-301F-11D3-BF4B-00C04F79EFBC}") = "MovieMeter.UWP", "MovieMeter.UWP\MovieMeter.UWP.csproj", "{F2E8655B-0EC7-44CD-943F-8D767945508A}"
EndProject
Project("{FAE04EC0-301F-11D3-BF4B-00C04F79EFBC}") = "MovieMeter.Windows", "MovieMeter.Windows\MovieMeter.Windows.csproj", "{F94E955B-5909-4E7E-8C41-1947D69A707D}"
EndProject
Project("{FAE04EC0-301F-11D3-BF4B-00C04F79EFBC}") = "MovieMeter.Forms", "MovieMeter\MovieMeter.Forms.csproj", "{F3D0BE33-DEB3-4243-8DDD-5CECF2ABB5E0}"
EndProject
Project("{FAE04EC0-301F-11D3-BF4B-00C04F79EFBC}") = "MovieMeter.Service", "MovieMeter.Service\MovieMeter.Service.csproj", "{0BC4FF2B-6B17-44F9-B8DB-3D06B2496F64}"
EndProject
Global
	GlobalSection(SolutionConfigurationPlatforms) = preSolution
		Ad-Hoc|Any CPU = Ad-Hoc|Any CPU
		Ad-Hoc|ARM = Ad-Hoc|ARM
		Ad-Hoc|iPhone = Ad-Hoc|iPhone
		Ad-Hoc|iPhoneSimulator = Ad-Hoc|iPhoneSimulator
		Ad-Hoc|x64 = Ad-Hoc|x64
		Ad-Hoc|x86 = Ad-Hoc|x86
		AppStore|Any CPU = AppStore|Any CPU
		AppStore|ARM = AppStore|ARM
		AppStore|iPhone = AppStore|iPhone
		AppStore|iPhoneSimulator = AppStore|iPhoneSimulator
		AppStore|x64 = AppStore|x64
		AppStore|x86 = AppStore|x86
		Debug|Any CPU = Debug|Any CPU
		Debug|ARM = Debug|ARM
		Debug|iPhone = Debug|iPhone
		Debug|iPhoneSimulator = Debug|iPhoneSimulator
		Debug|x64 = Debug|x64
		Debug|x86 = Debug|x86
		Release|Any CPU = Release|Any CPU
		Release|ARM = Release|ARM
		Release|iPhone = Release|iPhone
		Release|iPhoneSimulator = Release|iPhoneSimulator
		Release|x64 = Release|x64
		Release|x86 = Release|x86
	EndGlobalSection
	GlobalSection(ProjectConfigurationPlatforms) = postSolution
		{7BB40226-D602-4E9C-8ABF-8933528AE74D}.Ad-Hoc|Any CPU.ActiveCfg = Release|Any CPU
		{7BB40226-D602-4E9C-8ABF-8933528AE74D}.Ad-Hoc|Any CPU.Build.0 = Release|Any CPU
		{7BB40226-D602-4E9C-8ABF-8933528AE74D}.Ad-Hoc|Any CPU.Deploy.0 = Release|Any CPU
		{7BB40226-D602-4E9C-8ABF-8933528AE74D}.Ad-Hoc|ARM.ActiveCfg = Release|Any CPU
		{7BB40226-D602-4E9C-8ABF-8933528AE74D}.Ad-Hoc|ARM.Build.0 = Release|Any CPU
		{7BB40226-D602-4E9C-8ABF-8933528AE74D}.Ad-Hoc|ARM.Deploy.0 = Release|Any CPU
		{7BB40226-D602-4E9C-8ABF-8933528AE74D}.Ad-Hoc|iPhone.ActiveCfg = Release|Any CPU
		{7BB40226-D602-4E9C-8ABF-8933528AE74D}.Ad-Hoc|iPhone.Build.0 = Release|Any CPU
		{7BB40226-D602-4E9C-8ABF-8933528AE74D}.Ad-Hoc|iPhone.Deploy.0 = Release|Any CPU
		{7BB40226-D602-4E9C-8ABF-8933528AE74D}.Ad-Hoc|iPhoneSimulator.ActiveCfg = Release|Any CPU
		{7BB40226-D602-4E9C-8ABF-8933528AE74D}.Ad-Hoc|iPhoneSimulator.Build.0 = Release|Any CPU
		{7BB40226-D602-4E9C-8ABF-8933528AE74D}.Ad-Hoc|iPhoneSimulator.Deploy.0 = Release|Any CPU
		{7BB40226-D602-4E9C-8ABF-8933528AE74D}.Ad-Hoc|x64.ActiveCfg = Release|Any CPU
		{7BB40226-D602-4E9C-8ABF-8933528AE74D}.Ad-Hoc|x64.Build.0 = Release|Any CPU
		{7BB40226-D602-4E9C-8ABF-8933528AE74D}.Ad-Hoc|x64.Deploy.0 = Release|Any CPU
		{7BB40226-D602-4E9C-8ABF-8933528AE74D}.Ad-Hoc|x86.ActiveCfg = Release|Any CPU
		{7BB40226-D602-4E9C-8ABF-8933528AE74D}.Ad-Hoc|x86.Build.0 = Release|Any CPU
		{7BB40226-D602-4E9C-8ABF-8933528AE74D}.Ad-Hoc|x86.Deploy.0 = Release|Any CPU
		{7BB40226-D602-4E9C-8ABF-8933528AE74D}.AppStore|Any CPU.ActiveCfg = Release|Any CPU
		{7BB40226-D602-4E9C-8ABF-8933528AE74D}.AppStore|Any CPU.Build.0 = Release|Any CPU
		{7BB40226-D602-4E9C-8ABF-8933528AE74D}.AppStore|Any CPU.Deploy.0 = Release|Any CPU
		{7BB40226-D602-4E9C-8ABF-8933528AE74D}.AppStore|ARM.ActiveCfg = Release|Any CPU
		{7BB40226-D602-4E9C-8ABF-8933528AE74D}.AppStore|ARM.Build.0 = Release|Any CPU
		{7BB40226-D602-4E9C-8ABF-8933528AE74D}.AppStore|ARM.Deploy.0 = Release|Any CPU
		{7BB40226-D602-4E9C-8ABF-8933528AE74D}.AppStore|iPhone.ActiveCfg = Release|Any CPU
		{7BB40226-D602-4E9C-8ABF-8933528AE74D}.AppStore|iPhone.Build.0 = Release|Any CPU
		{7BB40226-D602-4E9C-8ABF-8933528AE74D}.AppStore|iPhone.Deploy.0 = Release|Any CPU
		{7BB40226-D602-4E9C-8ABF-8933528AE74D}.AppStore|iPhoneSimulator.ActiveCfg = Release|Any CPU
		{7BB40226-D602-4E9C-8ABF-8933528AE74D}.AppStore|iPhoneSimulator.Build.0 = Release|Any CPU
		{7BB40226-D602-4E9C-8ABF-8933528AE74D}.AppStore|iPhoneSimulator.Deploy.0 = Release|Any CPU
		{7BB40226-D602-4E9C-8ABF-8933528AE74D}.AppStore|x64.ActiveCfg = Release|Any CPU
		{7BB40226-D602-4E9C-8ABF-8933528AE74D}.AppStore|x64.Build.0 = Release|Any CPU
		{7BB40226-D602-4E9C-8ABF-8933528AE74D}.AppStore|x64.Deploy.0 = Release|Any CPU
		{7BB40226-D602-4E9C-8ABF-8933528AE74D}.AppStore|x86.ActiveCfg = Release|Any CPU
		{7BB40226-D602-4E9C-8ABF-8933528AE74D}.AppStore|x86.Build.0 = Release|Any CPU
		{7BB40226-D602-4E9C-8ABF-8933528AE74D}.AppStore|x86.Deploy.0 = Release|Any CPU
		{7BB40226-D602-4E9C-8ABF-8933528AE74D}.Debug|Any CPU.ActiveCfg = Debug|Any CPU
		{7BB40226-D602-4E9C-8ABF-8933528AE74D}.Debug|Any CPU.Build.0 = Debug|Any CPU
		{7BB40226-D602-4E9C-8ABF-8933528AE74D}.Debug|Any CPU.Deploy.0 = Debug|Any CPU
		{7BB40226-D602-4E9C-8ABF-8933528AE74D}.Debug|ARM.ActiveCfg = Debug|Any CPU
		{7BB40226-D602-4E9C-8ABF-8933528AE74D}.Debug|ARM.Build.0 = Debug|Any CPU
		{7BB40226-D602-4E9C-8ABF-8933528AE74D}.Debug|ARM.Deploy.0 = Debug|Any CPU
		{7BB40226-D602-4E9C-8ABF-8933528AE74D}.Debug|iPhone.ActiveCfg = Debug|Any CPU
		{7BB40226-D602-4E9C-8ABF-8933528AE74D}.Debug|iPhone.Build.0 = Debug|Any CPU
		{7BB40226-D602-4E9C-8ABF-8933528AE74D}.Debug|iPhone.Deploy.0 = Debug|Any CPU
		{7BB40226-D602-4E9C-8ABF-8933528AE74D}.Debug|iPhoneSimulator.ActiveCfg = Debug|Any CPU
		{7BB40226-D602-4E9C-8ABF-8933528AE74D}.Debug|iPhoneSimulator.Build.0 = Debug|Any CPU
		{7BB40226-D602-4E9C-8ABF-8933528AE74D}.Debug|iPhoneSimulator.Deploy.0 = Debug|Any CPU
		{7BB40226-D602-4E9C-8ABF-8933528AE74D}.Debug|x64.ActiveCfg = Debug|Any CPU
		{7BB40226-D602-4E9C-8ABF-8933528AE74D}.Debug|x64.Build.0 = Debug|Any CPU
		{7BB40226-D602-4E9C-8ABF-8933528AE74D}.Debug|x64.Deploy.0 = Debug|Any CPU
		{7BB40226-D602-4E9C-8ABF-8933528AE74D}.Debug|x86.ActiveCfg = Debug|Any CPU
		{7BB40226-D602-4E9C-8ABF-8933528AE74D}.Debug|x86.Build.0 = Debug|Any CPU
		{7BB40226-D602-4E9C-8ABF-8933528AE74D}.Debug|x86.Deploy.0 = Debug|Any CPU
		{7BB40226-D602-4E9C-8ABF-8933528AE74D}.Release|Any CPU.ActiveCfg = Release|Any CPU
		{7BB40226-D602-4E9C-8ABF-8933528AE74D}.Release|Any CPU.Build.0 = Release|Any CPU
		{7BB40226-D602-4E9C-8ABF-8933528AE74D}.Release|Any CPU.Deploy.0 = Release|Any CPU
		{7BB40226-D602-4E9C-8ABF-8933528AE74D}.Release|ARM.ActiveCfg = Release|Any CPU
		{7BB40226-D602-4E9C-8ABF-8933528AE74D}.Release|ARM.Build.0 = Release|Any CPU
		{7BB40226-D602-4E9C-8ABF-8933528AE74D}.Release|ARM.Deploy.0 = Release|Any CPU
		{7BB40226-D602-4E9C-8ABF-8933528AE74D}.Release|iPhone.ActiveCfg = Release|Any CPU
		{7BB40226-D602-4E9C-8ABF-8933528AE74D}.Release|iPhone.Build.0 = Release|Any CPU
		{7BB40226-D602-4E9C-8ABF-8933528AE74D}.Release|iPhone.Deploy.0 = Release|Any CPU
		{7BB40226-D602-4E9C-8ABF-8933528AE74D}.Release|iPhoneSimulator.ActiveCfg = Release|Any CPU
		{7BB40226-D602-4E9C-8ABF-8933528AE74D}.Release|iPhoneSimulator.Build.0 = Release|Any CPU
		{7BB40226-D602-4E9C-8ABF-8933528AE74D}.Release|iPhoneSimulator.Deploy.0 = Release|Any CPU
		{7BB40226-D602-4E9C-8ABF-8933528AE74D}.Release|x64.ActiveCfg = Release|Any CPU
		{7BB40226-D602-4E9C-8ABF-8933528AE74D}.Release|x64.Build.0 = Release|Any CPU
		{7BB40226-D602-4E9C-8ABF-8933528AE74D}.Release|x64.Deploy.0 = Release|Any CPU
		{7BB40226-D602-4E9C-8ABF-8933528AE74D}.Release|x86.ActiveCfg = Release|Any CPU
		{7BB40226-D602-4E9C-8ABF-8933528AE74D}.Release|x86.Build.0 = Release|Any CPU
		{7BB40226-D602-4E9C-8ABF-8933528AE74D}.Release|x86.Deploy.0 = Release|Any CPU
		{DDCFD165-2117-4D3E-9DF5-CD900BFBC83F}.Ad-Hoc|Any CPU.ActiveCfg = Ad-Hoc|iPhone
		{DDCFD165-2117-4D3E-9DF5-CD900BFBC83F}.Ad-Hoc|ARM.ActiveCfg = Ad-Hoc|iPhone
		{DDCFD165-2117-4D3E-9DF5-CD900BFBC83F}.Ad-Hoc|iPhone.ActiveCfg = Ad-Hoc|iPhone
		{DDCFD165-2117-4D3E-9DF5-CD900BFBC83F}.Ad-Hoc|iPhone.Build.0 = Ad-Hoc|iPhone
		{DDCFD165-2117-4D3E-9DF5-CD900BFBC83F}.Ad-Hoc|iPhoneSimulator.ActiveCfg = Ad-Hoc|iPhoneSimulator
		{DDCFD165-2117-4D3E-9DF5-CD900BFBC83F}.Ad-Hoc|iPhoneSimulator.Build.0 = Ad-Hoc|iPhoneSimulator
		{DDCFD165-2117-4D3E-9DF5-CD900BFBC83F}.Ad-Hoc|x64.ActiveCfg = Ad-Hoc|iPhone
		{DDCFD165-2117-4D3E-9DF5-CD900BFBC83F}.Ad-Hoc|x86.ActiveCfg = Ad-Hoc|iPhone
		{DDCFD165-2117-4D3E-9DF5-CD900BFBC83F}.AppStore|Any CPU.ActiveCfg = AppStore|iPhone
		{DDCFD165-2117-4D3E-9DF5-CD900BFBC83F}.AppStore|ARM.ActiveCfg = AppStore|iPhone
		{DDCFD165-2117-4D3E-9DF5-CD900BFBC83F}.AppStore|iPhone.ActiveCfg = AppStore|iPhone
		{DDCFD165-2117-4D3E-9DF5-CD900BFBC83F}.AppStore|iPhone.Build.0 = AppStore|iPhone
		{DDCFD165-2117-4D3E-9DF5-CD900BFBC83F}.AppStore|iPhoneSimulator.ActiveCfg = AppStore|iPhoneSimulator
		{DDCFD165-2117-4D3E-9DF5-CD900BFBC83F}.AppStore|iPhoneSimulator.Build.0 = AppStore|iPhoneSimulator
		{DDCFD165-2117-4D3E-9DF5-CD900BFBC83F}.AppStore|x64.ActiveCfg = AppStore|iPhone
		{DDCFD165-2117-4D3E-9DF5-CD900BFBC83F}.AppStore|x86.ActiveCfg = AppStore|iPhone
		{DDCFD165-2117-4D3E-9DF5-CD900BFBC83F}.Debug|Any CPU.ActiveCfg = Debug|iPhone
		{DDCFD165-2117-4D3E-9DF5-CD900BFBC83F}.Debug|ARM.ActiveCfg = Debug|iPhone
		{DDCFD165-2117-4D3E-9DF5-CD900BFBC83F}.Debug|iPhone.ActiveCfg = Debug|iPhone
		{DDCFD165-2117-4D3E-9DF5-CD900BFBC83F}.Debug|iPhone.Build.0 = Debug|iPhone
		{DDCFD165-2117-4D3E-9DF5-CD900BFBC83F}.Debug|iPhoneSimulator.ActiveCfg = Debug|iPhoneSimulator
		{DDCFD165-2117-4D3E-9DF5-CD900BFBC83F}.Debug|iPhoneSimulator.Build.0 = Debug|iPhoneSimulator
		{DDCFD165-2117-4D3E-9DF5-CD900BFBC83F}.Debug|x64.ActiveCfg = Debug|iPhone
		{DDCFD165-2117-4D3E-9DF5-CD900BFBC83F}.Debug|x86.ActiveCfg = Debug|iPhone
		{DDCFD165-2117-4D3E-9DF5-CD900BFBC83F}.Release|Any CPU.ActiveCfg = Release|iPhone
		{DDCFD165-2117-4D3E-9DF5-CD900BFBC83F}.Release|ARM.ActiveCfg = Release|iPhone
		{DDCFD165-2117-4D3E-9DF5-CD900BFBC83F}.Release|iPhone.ActiveCfg = Release|iPhone
		{DDCFD165-2117-4D3E-9DF5-CD900BFBC83F}.Release|iPhone.Build.0 = Release|iPhone
		{DDCFD165-2117-4D3E-9DF5-CD900BFBC83F}.Release|iPhoneSimulator.ActiveCfg = Release|iPhoneSimulator
		{DDCFD165-2117-4D3E-9DF5-CD900BFBC83F}.Release|iPhoneSimulator.Build.0 = Release|iPhoneSimulator
		{DDCFD165-2117-4D3E-9DF5-CD900BFBC83F}.Release|x64.ActiveCfg = Release|iPhone
		{DDCFD165-2117-4D3E-9DF5-CD900BFBC83F}.Release|x86.ActiveCfg = Release|iPhone
		{52D3CB37-829C-4B1B-B46D-E2B9145EC94B}.Ad-Hoc|Any CPU.ActiveCfg = Release|Any CPU
		{52D3CB37-829C-4B1B-B46D-E2B9145EC94B}.Ad-Hoc|Any CPU.Build.0 = Release|Any CPU
		{52D3CB37-829C-4B1B-B46D-E2B9145EC94B}.Ad-Hoc|Any CPU.Deploy.0 = Release|Any CPU
		{52D3CB37-829C-4B1B-B46D-E2B9145EC94B}.Ad-Hoc|ARM.ActiveCfg = Release|ARM
		{52D3CB37-829C-4B1B-B46D-E2B9145EC94B}.Ad-Hoc|ARM.Build.0 = Release|ARM
		{52D3CB37-829C-4B1B-B46D-E2B9145EC94B}.Ad-Hoc|ARM.Deploy.0 = Release|ARM
		{52D3CB37-829C-4B1B-B46D-E2B9145EC94B}.Ad-Hoc|iPhone.ActiveCfg = Release|Any CPU
		{52D3CB37-829C-4B1B-B46D-E2B9145EC94B}.Ad-Hoc|iPhone.Build.0 = Release|Any CPU
		{52D3CB37-829C-4B1B-B46D-E2B9145EC94B}.Ad-Hoc|iPhone.Deploy.0 = Release|Any CPU
		{52D3CB37-829C-4B1B-B46D-E2B9145EC94B}.Ad-Hoc|iPhoneSimulator.ActiveCfg = Release|Any CPU
		{52D3CB37-829C-4B1B-B46D-E2B9145EC94B}.Ad-Hoc|iPhoneSimulator.Build.0 = Release|Any CPU
		{52D3CB37-829C-4B1B-B46D-E2B9145EC94B}.Ad-Hoc|iPhoneSimulator.Deploy.0 = Release|Any CPU
		{52D3CB37-829C-4B1B-B46D-E2B9145EC94B}.Ad-Hoc|x64.ActiveCfg = Release|Any CPU
		{52D3CB37-829C-4B1B-B46D-E2B9145EC94B}.Ad-Hoc|x64.Build.0 = Release|Any CPU
		{52D3CB37-829C-4B1B-B46D-E2B9145EC94B}.Ad-Hoc|x64.Deploy.0 = Release|Any CPU
		{52D3CB37-829C-4B1B-B46D-E2B9145EC94B}.Ad-Hoc|x86.ActiveCfg = Release|x86
		{52D3CB37-829C-4B1B-B46D-E2B9145EC94B}.Ad-Hoc|x86.Build.0 = Release|x86
		{52D3CB37-829C-4B1B-B46D-E2B9145EC94B}.Ad-Hoc|x86.Deploy.0 = Release|x86
		{52D3CB37-829C-4B1B-B46D-E2B9145EC94B}.AppStore|Any CPU.ActiveCfg = Release|Any CPU
		{52D3CB37-829C-4B1B-B46D-E2B9145EC94B}.AppStore|Any CPU.Build.0 = Release|Any CPU
		{52D3CB37-829C-4B1B-B46D-E2B9145EC94B}.AppStore|Any CPU.Deploy.0 = Release|Any CPU
		{52D3CB37-829C-4B1B-B46D-E2B9145EC94B}.AppStore|ARM.ActiveCfg = Release|ARM
		{52D3CB37-829C-4B1B-B46D-E2B9145EC94B}.AppStore|ARM.Build.0 = Release|ARM
		{52D3CB37-829C-4B1B-B46D-E2B9145EC94B}.AppStore|ARM.Deploy.0 = Release|ARM
		{52D3CB37-829C-4B1B-B46D-E2B9145EC94B}.AppStore|iPhone.ActiveCfg = Release|Any CPU
		{52D3CB37-829C-4B1B-B46D-E2B9145EC94B}.AppStore|iPhone.Build.0 = Release|Any CPU
		{52D3CB37-829C-4B1B-B46D-E2B9145EC94B}.AppStore|iPhone.Deploy.0 = Release|Any CPU
		{52D3CB37-829C-4B1B-B46D-E2B9145EC94B}.AppStore|iPhoneSimulator.ActiveCfg = Release|Any CPU
		{52D3CB37-829C-4B1B-B46D-E2B9145EC94B}.AppStore|iPhoneSimulator.Build.0 = Release|Any CPU
		{52D3CB37-829C-4B1B-B46D-E2B9145EC94B}.AppStore|iPhoneSimulator.Deploy.0 = Release|Any CPU
		{52D3CB37-829C-4B1B-B46D-E2B9145EC94B}.AppStore|x64.ActiveCfg = Release|Any CPU
		{52D3CB37-829C-4B1B-B46D-E2B9145EC94B}.AppStore|x64.Build.0 = Release|Any CPU
		{52D3CB37-829C-4B1B-B46D-E2B9145EC94B}.AppStore|x64.Deploy.0 = Release|Any CPU
		{52D3CB37-829C-4B1B-B46D-E2B9145EC94B}.AppStore|x86.ActiveCfg = Release|x86
		{52D3CB37-829C-4B1B-B46D-E2B9145EC94B}.AppStore|x86.Build.0 = Release|x86
		{52D3CB37-829C-4B1B-B46D-E2B9145EC94B}.AppStore|x86.Deploy.0 = Release|x86
		{52D3CB37-829C-4B1B-B46D-E2B9145EC94B}.Debug|Any CPU.ActiveCfg = Debug|Any CPU
		{52D3CB37-829C-4B1B-B46D-E2B9145EC94B}.Debug|Any CPU.Build.0 = Debug|Any CPU
		{52D3CB37-829C-4B1B-B46D-E2B9145EC94B}.Debug|Any CPU.Deploy.0 = Debug|Any CPU
		{52D3CB37-829C-4B1B-B46D-E2B9145EC94B}.Debug|ARM.ActiveCfg = Debug|ARM
		{52D3CB37-829C-4B1B-B46D-E2B9145EC94B}.Debug|ARM.Build.0 = Debug|ARM
		{52D3CB37-829C-4B1B-B46D-E2B9145EC94B}.Debug|ARM.Deploy.0 = Debug|ARM
		{52D3CB37-829C-4B1B-B46D-E2B9145EC94B}.Debug|iPhone.ActiveCfg = Debug|Any CPU
		{52D3CB37-829C-4B1B-B46D-E2B9145EC94B}.Debug|iPhone.Build.0 = Debug|Any CPU
		{52D3CB37-829C-4B1B-B46D-E2B9145EC94B}.Debug|iPhone.Deploy.0 = Debug|Any CPU
		{52D3CB37-829C-4B1B-B46D-E2B9145EC94B}.Debug|iPhoneSimulator.ActiveCfg = Debug|Any CPU
		{52D3CB37-829C-4B1B-B46D-E2B9145EC94B}.Debug|iPhoneSimulator.Build.0 = Debug|Any CPU
		{52D3CB37-829C-4B1B-B46D-E2B9145EC94B}.Debug|iPhoneSimulator.Deploy.0 = Debug|Any CPU
		{52D3CB37-829C-4B1B-B46D-E2B9145EC94B}.Debug|x64.ActiveCfg = Debug|Any CPU
		{52D3CB37-829C-4B1B-B46D-E2B9145EC94B}.Debug|x64.Build.0 = Debug|Any CPU
		{52D3CB37-829C-4B1B-B46D-E2B9145EC94B}.Debug|x64.Deploy.0 = Debug|Any CPU
		{52D3CB37-829C-4B1B-B46D-E2B9145EC94B}.Debug|x86.ActiveCfg = Debug|x86
		{52D3CB37-829C-4B1B-B46D-E2B9145EC94B}.Debug|x86.Build.0 = Debug|x86
		{52D3CB37-829C-4B1B-B46D-E2B9145EC94B}.Debug|x86.Deploy.0 = Debug|x86
		{52D3CB37-829C-4B1B-B46D-E2B9145EC94B}.Release|Any CPU.ActiveCfg = Release|Any CPU
		{52D3CB37-829C-4B1B-B46D-E2B9145EC94B}.Release|Any CPU.Build.0 = Release|Any CPU
		{52D3CB37-829C-4B1B-B46D-E2B9145EC94B}.Release|Any CPU.Deploy.0 = Release|Any CPU
		{52D3CB37-829C-4B1B-B46D-E2B9145EC94B}.Release|ARM.ActiveCfg = Release|ARM
		{52D3CB37-829C-4B1B-B46D-E2B9145EC94B}.Release|ARM.Build.0 = Release|ARM
		{52D3CB37-829C-4B1B-B46D-E2B9145EC94B}.Release|ARM.Deploy.0 = Release|ARM
		{52D3CB37-829C-4B1B-B46D-E2B9145EC94B}.Release|iPhone.ActiveCfg = Release|Any CPU
		{52D3CB37-829C-4B1B-B46D-E2B9145EC94B}.Release|iPhone.Build.0 = Release|Any CPU
		{52D3CB37-829C-4B1B-B46D-E2B9145EC94B}.Release|iPhone.Deploy.0 = Release|Any CPU
		{52D3CB37-829C-4B1B-B46D-E2B9145EC94B}.Release|iPhoneSimulator.ActiveCfg = Release|Any CPU
		{52D3CB37-829C-4B1B-B46D-E2B9145EC94B}.Release|iPhoneSimulator.Build.0 = Release|Any CPU
		{52D3CB37-829C-4B1B-B46D-E2B9145EC94B}.Release|iPhoneSimulator.Deploy.0 = Release|Any CPU
		{52D3CB37-829C-4B1B-B46D-E2B9145EC94B}.Release|x64.ActiveCfg = Release|Any CPU
		{52D3CB37-829C-4B1B-B46D-E2B9145EC94B}.Release|x64.Build.0 = Release|Any CPU
		{52D3CB37-829C-4B1B-B46D-E2B9145EC94B}.Release|x64.Deploy.0 = Release|Any CPU
		{52D3CB37-829C-4B1B-B46D-E2B9145EC94B}.Release|x86.ActiveCfg = Release|x86
		{52D3CB37-829C-4B1B-B46D-E2B9145EC94B}.Release|x86.Build.0 = Release|x86
		{52D3CB37-829C-4B1B-B46D-E2B9145EC94B}.Release|x86.Deploy.0 = Release|x86
		{F2E8655B-0EC7-44CD-943F-8D767945508A}.Ad-Hoc|Any CPU.ActiveCfg = Release|x86
		{F2E8655B-0EC7-44CD-943F-8D767945508A}.Ad-Hoc|Any CPU.Build.0 = Release|x86
		{F2E8655B-0EC7-44CD-943F-8D767945508A}.Ad-Hoc|Any CPU.Deploy.0 = Release|x86
		{F2E8655B-0EC7-44CD-943F-8D767945508A}.Ad-Hoc|ARM.ActiveCfg = Release|ARM
		{F2E8655B-0EC7-44CD-943F-8D767945508A}.Ad-Hoc|ARM.Build.0 = Release|ARM
		{F2E8655B-0EC7-44CD-943F-8D767945508A}.Ad-Hoc|ARM.Deploy.0 = Release|ARM
		{F2E8655B-0EC7-44CD-943F-8D767945508A}.Ad-Hoc|iPhone.ActiveCfg = Release|x86
		{F2E8655B-0EC7-44CD-943F-8D767945508A}.Ad-Hoc|iPhone.Build.0 = Release|x86
		{F2E8655B-0EC7-44CD-943F-8D767945508A}.Ad-Hoc|iPhone.Deploy.0 = Release|x86
		{F2E8655B-0EC7-44CD-943F-8D767945508A}.Ad-Hoc|iPhoneSimulator.ActiveCfg = Release|x86
		{F2E8655B-0EC7-44CD-943F-8D767945508A}.Ad-Hoc|iPhoneSimulator.Build.0 = Release|x86
		{F2E8655B-0EC7-44CD-943F-8D767945508A}.Ad-Hoc|iPhoneSimulator.Deploy.0 = Release|x86
		{F2E8655B-0EC7-44CD-943F-8D767945508A}.Ad-Hoc|x64.ActiveCfg = Release|x64
		{F2E8655B-0EC7-44CD-943F-8D767945508A}.Ad-Hoc|x64.Build.0 = Release|x64
		{F2E8655B-0EC7-44CD-943F-8D767945508A}.Ad-Hoc|x64.Deploy.0 = Release|x64
		{F2E8655B-0EC7-44CD-943F-8D767945508A}.Ad-Hoc|x86.ActiveCfg = Release|x86
		{F2E8655B-0EC7-44CD-943F-8D767945508A}.Ad-Hoc|x86.Build.0 = Release|x86
		{F2E8655B-0EC7-44CD-943F-8D767945508A}.Ad-Hoc|x86.Deploy.0 = Release|x86
		{F2E8655B-0EC7-44CD-943F-8D767945508A}.AppStore|Any CPU.ActiveCfg = Release|x86
		{F2E8655B-0EC7-44CD-943F-8D767945508A}.AppStore|Any CPU.Build.0 = Release|x86
		{F2E8655B-0EC7-44CD-943F-8D767945508A}.AppStore|Any CPU.Deploy.0 = Release|x86
		{F2E8655B-0EC7-44CD-943F-8D767945508A}.AppStore|ARM.ActiveCfg = Release|ARM
		{F2E8655B-0EC7-44CD-943F-8D767945508A}.AppStore|ARM.Build.0 = Release|ARM
		{F2E8655B-0EC7-44CD-943F-8D767945508A}.AppStore|ARM.Deploy.0 = Release|ARM
		{F2E8655B-0EC7-44CD-943F-8D767945508A}.AppStore|iPhone.ActiveCfg = Release|x86
		{F2E8655B-0EC7-44CD-943F-8D767945508A}.AppStore|iPhone.Build.0 = Release|x86
		{F2E8655B-0EC7-44CD-943F-8D767945508A}.AppStore|iPhone.Deploy.0 = Release|x86
		{F2E8655B-0EC7-44CD-943F-8D767945508A}.AppStore|iPhoneSimulator.ActiveCfg = Release|x86
		{F2E8655B-0EC7-44CD-943F-8D767945508A}.AppStore|iPhoneSimulator.Build.0 = Release|x86
		{F2E8655B-0EC7-44CD-943F-8D767945508A}.AppStore|iPhoneSimulator.Deploy.0 = Release|x86
		{F2E8655B-0EC7-44CD-943F-8D767945508A}.AppStore|x64.ActiveCfg = Release|x64
		{F2E8655B-0EC7-44CD-943F-8D767945508A}.AppStore|x64.Build.0 = Release|x64
		{F2E8655B-0EC7-44CD-943F-8D767945508A}.AppStore|x64.Deploy.0 = Release|x64
		{F2E8655B-0EC7-44CD-943F-8D767945508A}.AppStore|x86.ActiveCfg = Release|x86
		{F2E8655B-0EC7-44CD-943F-8D767945508A}.AppStore|x86.Build.0 = Release|x86
		{F2E8655B-0EC7-44CD-943F-8D767945508A}.AppStore|x86.Deploy.0 = Release|x86
		{F2E8655B-0EC7-44CD-943F-8D767945508A}.Debug|Any CPU.ActiveCfg = Debug|x86
		{F2E8655B-0EC7-44CD-943F-8D767945508A}.Debug|ARM.ActiveCfg = Debug|ARM
		{F2E8655B-0EC7-44CD-943F-8D767945508A}.Debug|ARM.Build.0 = Debug|ARM
		{F2E8655B-0EC7-44CD-943F-8D767945508A}.Debug|ARM.Deploy.0 = Debug|ARM
		{F2E8655B-0EC7-44CD-943F-8D767945508A}.Debug|iPhone.ActiveCfg = Debug|x86
		{F2E8655B-0EC7-44CD-943F-8D767945508A}.Debug|iPhoneSimulator.ActiveCfg = Debug|x86
		{F2E8655B-0EC7-44CD-943F-8D767945508A}.Debug|x64.ActiveCfg = Debug|x64
		{F2E8655B-0EC7-44CD-943F-8D767945508A}.Debug|x64.Build.0 = Debug|x64
		{F2E8655B-0EC7-44CD-943F-8D767945508A}.Debug|x64.Deploy.0 = Debug|x64
		{F2E8655B-0EC7-44CD-943F-8D767945508A}.Debug|x86.ActiveCfg = Debug|x86
		{F2E8655B-0EC7-44CD-943F-8D767945508A}.Debug|x86.Build.0 = Debug|x86
		{F2E8655B-0EC7-44CD-943F-8D767945508A}.Debug|x86.Deploy.0 = Debug|x86
		{F2E8655B-0EC7-44CD-943F-8D767945508A}.Release|Any CPU.ActiveCfg = Release|x86
		{F2E8655B-0EC7-44CD-943F-8D767945508A}.Release|ARM.ActiveCfg = Release|ARM
		{F2E8655B-0EC7-44CD-943F-8D767945508A}.Release|ARM.Build.0 = Release|ARM
		{F2E8655B-0EC7-44CD-943F-8D767945508A}.Release|ARM.Deploy.0 = Release|ARM
		{F2E8655B-0EC7-44CD-943F-8D767945508A}.Release|iPhone.ActiveCfg = Release|x86
		{F2E8655B-0EC7-44CD-943F-8D767945508A}.Release|iPhoneSimulator.ActiveCfg = Release|x86
		{F2E8655B-0EC7-44CD-943F-8D767945508A}.Release|x64.ActiveCfg = Release|x64
		{F2E8655B-0EC7-44CD-943F-8D767945508A}.Release|x64.Build.0 = Release|x64
		{F2E8655B-0EC7-44CD-943F-8D767945508A}.Release|x64.Deploy.0 = Release|x64
		{F2E8655B-0EC7-44CD-943F-8D767945508A}.Release|x86.ActiveCfg = Release|x86
		{F2E8655B-0EC7-44CD-943F-8D767945508A}.Release|x86.Build.0 = Release|x86
		{F2E8655B-0EC7-44CD-943F-8D767945508A}.Release|x86.Deploy.0 = Release|x86
		{F94E955B-5909-4E7E-8C41-1947D69A707D}.Ad-Hoc|Any CPU.ActiveCfg = Release|Any CPU
		{F94E955B-5909-4E7E-8C41-1947D69A707D}.Ad-Hoc|Any CPU.Build.0 = Release|Any CPU
		{F94E955B-5909-4E7E-8C41-1947D69A707D}.Ad-Hoc|Any CPU.Deploy.0 = Release|Any CPU
		{F94E955B-5909-4E7E-8C41-1947D69A707D}.Ad-Hoc|ARM.ActiveCfg = Release|ARM
		{F94E955B-5909-4E7E-8C41-1947D69A707D}.Ad-Hoc|ARM.Build.0 = Release|ARM
		{F94E955B-5909-4E7E-8C41-1947D69A707D}.Ad-Hoc|ARM.Deploy.0 = Release|ARM
		{F94E955B-5909-4E7E-8C41-1947D69A707D}.Ad-Hoc|iPhone.ActiveCfg = Release|Any CPU
		{F94E955B-5909-4E7E-8C41-1947D69A707D}.Ad-Hoc|iPhone.Build.0 = Release|Any CPU
		{F94E955B-5909-4E7E-8C41-1947D69A707D}.Ad-Hoc|iPhone.Deploy.0 = Release|Any CPU
		{F94E955B-5909-4E7E-8C41-1947D69A707D}.Ad-Hoc|iPhoneSimulator.ActiveCfg = Release|Any CPU
		{F94E955B-5909-4E7E-8C41-1947D69A707D}.Ad-Hoc|iPhoneSimulator.Build.0 = Release|Any CPU
		{F94E955B-5909-4E7E-8C41-1947D69A707D}.Ad-Hoc|iPhoneSimulator.Deploy.0 = Release|Any CPU
		{F94E955B-5909-4E7E-8C41-1947D69A707D}.Ad-Hoc|x64.ActiveCfg = Release|x64
		{F94E955B-5909-4E7E-8C41-1947D69A707D}.Ad-Hoc|x64.Build.0 = Release|x64
		{F94E955B-5909-4E7E-8C41-1947D69A707D}.Ad-Hoc|x64.Deploy.0 = Release|x64
		{F94E955B-5909-4E7E-8C41-1947D69A707D}.Ad-Hoc|x86.ActiveCfg = Release|x86
		{F94E955B-5909-4E7E-8C41-1947D69A707D}.Ad-Hoc|x86.Build.0 = Release|x86
		{F94E955B-5909-4E7E-8C41-1947D69A707D}.Ad-Hoc|x86.Deploy.0 = Release|x86
		{F94E955B-5909-4E7E-8C41-1947D69A707D}.AppStore|Any CPU.ActiveCfg = Release|Any CPU
		{F94E955B-5909-4E7E-8C41-1947D69A707D}.AppStore|Any CPU.Build.0 = Release|Any CPU
		{F94E955B-5909-4E7E-8C41-1947D69A707D}.AppStore|Any CPU.Deploy.0 = Release|Any CPU
		{F94E955B-5909-4E7E-8C41-1947D69A707D}.AppStore|ARM.ActiveCfg = Release|ARM
		{F94E955B-5909-4E7E-8C41-1947D69A707D}.AppStore|ARM.Build.0 = Release|ARM
		{F94E955B-5909-4E7E-8C41-1947D69A707D}.AppStore|ARM.Deploy.0 = Release|ARM
		{F94E955B-5909-4E7E-8C41-1947D69A707D}.AppStore|iPhone.ActiveCfg = Release|Any CPU
		{F94E955B-5909-4E7E-8C41-1947D69A707D}.AppStore|iPhone.Build.0 = Release|Any CPU
		{F94E955B-5909-4E7E-8C41-1947D69A707D}.AppStore|iPhone.Deploy.0 = Release|Any CPU
		{F94E955B-5909-4E7E-8C41-1947D69A707D}.AppStore|iPhoneSimulator.ActiveCfg = Release|Any CPU
		{F94E955B-5909-4E7E-8C41-1947D69A707D}.AppStore|iPhoneSimulator.Build.0 = Release|Any CPU
		{F94E955B-5909-4E7E-8C41-1947D69A707D}.AppStore|iPhoneSimulator.Deploy.0 = Release|Any CPU
		{F94E955B-5909-4E7E-8C41-1947D69A707D}.AppStore|x64.ActiveCfg = Release|x64
		{F94E955B-5909-4E7E-8C41-1947D69A707D}.AppStore|x64.Build.0 = Release|x64
		{F94E955B-5909-4E7E-8C41-1947D69A707D}.AppStore|x64.Deploy.0 = Release|x64
		{F94E955B-5909-4E7E-8C41-1947D69A707D}.AppStore|x86.ActiveCfg = Release|x86
		{F94E955B-5909-4E7E-8C41-1947D69A707D}.AppStore|x86.Build.0 = Release|x86
		{F94E955B-5909-4E7E-8C41-1947D69A707D}.AppStore|x86.Deploy.0 = Release|x86
		{F94E955B-5909-4E7E-8C41-1947D69A707D}.Debug|Any CPU.ActiveCfg = Debug|Any CPU
		{F94E955B-5909-4E7E-8C41-1947D69A707D}.Debug|Any CPU.Build.0 = Debug|Any CPU
		{F94E955B-5909-4E7E-8C41-1947D69A707D}.Debug|Any CPU.Deploy.0 = Debug|Any CPU
		{F94E955B-5909-4E7E-8C41-1947D69A707D}.Debug|ARM.ActiveCfg = Debug|ARM
		{F94E955B-5909-4E7E-8C41-1947D69A707D}.Debug|ARM.Build.0 = Debug|ARM
		{F94E955B-5909-4E7E-8C41-1947D69A707D}.Debug|ARM.Deploy.0 = Debug|ARM
		{F94E955B-5909-4E7E-8C41-1947D69A707D}.Debug|iPhone.ActiveCfg = Debug|Any CPU
		{F94E955B-5909-4E7E-8C41-1947D69A707D}.Debug|iPhone.Build.0 = Debug|Any CPU
		{F94E955B-5909-4E7E-8C41-1947D69A707D}.Debug|iPhone.Deploy.0 = Debug|Any CPU
		{F94E955B-5909-4E7E-8C41-1947D69A707D}.Debug|iPhoneSimulator.ActiveCfg = Debug|Any CPU
		{F94E955B-5909-4E7E-8C41-1947D69A707D}.Debug|iPhoneSimulator.Build.0 = Debug|Any CPU
		{F94E955B-5909-4E7E-8C41-1947D69A707D}.Debug|iPhoneSimulator.Deploy.0 = Debug|Any CPU
		{F94E955B-5909-4E7E-8C41-1947D69A707D}.Debug|x64.ActiveCfg = Debug|x64
		{F94E955B-5909-4E7E-8C41-1947D69A707D}.Debug|x64.Build.0 = Debug|x64
		{F94E955B-5909-4E7E-8C41-1947D69A707D}.Debug|x64.Deploy.0 = Debug|x64
		{F94E955B-5909-4E7E-8C41-1947D69A707D}.Debug|x86.ActiveCfg = Debug|x86
		{F94E955B-5909-4E7E-8C41-1947D69A707D}.Debug|x86.Build.0 = Debug|x86
		{F94E955B-5909-4E7E-8C41-1947D69A707D}.Debug|x86.Deploy.0 = Debug|x86
		{F94E955B-5909-4E7E-8C41-1947D69A707D}.Release|Any CPU.ActiveCfg = Release|Any CPU
		{F94E955B-5909-4E7E-8C41-1947D69A707D}.Release|Any CPU.Build.0 = Release|Any CPU
		{F94E955B-5909-4E7E-8C41-1947D69A707D}.Release|Any CPU.Deploy.0 = Release|Any CPU
		{F94E955B-5909-4E7E-8C41-1947D69A707D}.Release|ARM.ActiveCfg = Release|ARM
		{F94E955B-5909-4E7E-8C41-1947D69A707D}.Release|ARM.Build.0 = Release|ARM
		{F94E955B-5909-4E7E-8C41-1947D69A707D}.Release|ARM.Deploy.0 = Release|ARM
		{F94E955B-5909-4E7E-8C41-1947D69A707D}.Release|iPhone.ActiveCfg = Release|Any CPU
		{F94E955B-5909-4E7E-8C41-1947D69A707D}.Release|iPhone.Build.0 = Release|Any CPU
		{F94E955B-5909-4E7E-8C41-1947D69A707D}.Release|iPhone.Deploy.0 = Release|Any CPU
		{F94E955B-5909-4E7E-8C41-1947D69A707D}.Release|iPhoneSimulator.ActiveCfg = Release|Any CPU
		{F94E955B-5909-4E7E-8C41-1947D69A707D}.Release|iPhoneSimulator.Build.0 = Release|Any CPU
		{F94E955B-5909-4E7E-8C41-1947D69A707D}.Release|iPhoneSimulator.Deploy.0 = Release|Any CPU
		{F94E955B-5909-4E7E-8C41-1947D69A707D}.Release|x64.ActiveCfg = Release|x64
		{F94E955B-5909-4E7E-8C41-1947D69A707D}.Release|x64.Build.0 = Release|x64
		{F94E955B-5909-4E7E-8C41-1947D69A707D}.Release|x64.Deploy.0 = Release|x64
		{F94E955B-5909-4E7E-8C41-1947D69A707D}.Release|x86.ActiveCfg = Release|x86
		{F94E955B-5909-4E7E-8C41-1947D69A707D}.Release|x86.Build.0 = Release|x86
		{F94E955B-5909-4E7E-8C41-1947D69A707D}.Release|x86.Deploy.0 = Release|x86
		{F3D0BE33-DEB3-4243-8DDD-5CECF2ABB5E0}.Ad-Hoc|Any CPU.ActiveCfg = Release|Any CPU
		{F3D0BE33-DEB3-4243-8DDD-5CECF2ABB5E0}.Ad-Hoc|Any CPU.Build.0 = Release|Any CPU
		{F3D0BE33-DEB3-4243-8DDD-5CECF2ABB5E0}.Ad-Hoc|ARM.ActiveCfg = Release|Any CPU
		{F3D0BE33-DEB3-4243-8DDD-5CECF2ABB5E0}.Ad-Hoc|ARM.Build.0 = Release|Any CPU
		{F3D0BE33-DEB3-4243-8DDD-5CECF2ABB5E0}.Ad-Hoc|iPhone.ActiveCfg = Release|Any CPU
		{F3D0BE33-DEB3-4243-8DDD-5CECF2ABB5E0}.Ad-Hoc|iPhone.Build.0 = Release|Any CPU
		{F3D0BE33-DEB3-4243-8DDD-5CECF2ABB5E0}.Ad-Hoc|iPhoneSimulator.ActiveCfg = Release|Any CPU
		{F3D0BE33-DEB3-4243-8DDD-5CECF2ABB5E0}.Ad-Hoc|iPhoneSimulator.Build.0 = Release|Any CPU
		{F3D0BE33-DEB3-4243-8DDD-5CECF2ABB5E0}.Ad-Hoc|x64.ActiveCfg = Release|Any CPU
		{F3D0BE33-DEB3-4243-8DDD-5CECF2ABB5E0}.Ad-Hoc|x64.Build.0 = Release|Any CPU
		{F3D0BE33-DEB3-4243-8DDD-5CECF2ABB5E0}.Ad-Hoc|x86.ActiveCfg = Release|Any CPU
		{F3D0BE33-DEB3-4243-8DDD-5CECF2ABB5E0}.Ad-Hoc|x86.Build.0 = Release|Any CPU
		{F3D0BE33-DEB3-4243-8DDD-5CECF2ABB5E0}.AppStore|Any CPU.ActiveCfg = Release|Any CPU
		{F3D0BE33-DEB3-4243-8DDD-5CECF2ABB5E0}.AppStore|Any CPU.Build.0 = Release|Any CPU
		{F3D0BE33-DEB3-4243-8DDD-5CECF2ABB5E0}.AppStore|ARM.ActiveCfg = Release|Any CPU
		{F3D0BE33-DEB3-4243-8DDD-5CECF2ABB5E0}.AppStore|ARM.Build.0 = Release|Any CPU
		{F3D0BE33-DEB3-4243-8DDD-5CECF2ABB5E0}.AppStore|iPhone.ActiveCfg = Release|Any CPU
		{F3D0BE33-DEB3-4243-8DDD-5CECF2ABB5E0}.AppStore|iPhone.Build.0 = Release|Any CPU
		{F3D0BE33-DEB3-4243-8DDD-5CECF2ABB5E0}.AppStore|iPhoneSimulator.ActiveCfg = Release|Any CPU
		{F3D0BE33-DEB3-4243-8DDD-5CECF2ABB5E0}.AppStore|iPhoneSimulator.Build.0 = Release|Any CPU
		{F3D0BE33-DEB3-4243-8DDD-5CECF2ABB5E0}.AppStore|x64.ActiveCfg = Release|Any CPU
		{F3D0BE33-DEB3-4243-8DDD-5CECF2ABB5E0}.AppStore|x64.Build.0 = Release|Any CPU
		{F3D0BE33-DEB3-4243-8DDD-5CECF2ABB5E0}.AppStore|x86.ActiveCfg = Release|Any CPU
		{F3D0BE33-DEB3-4243-8DDD-5CECF2ABB5E0}.AppStore|x86.Build.0 = Release|Any CPU
		{F3D0BE33-DEB3-4243-8DDD-5CECF2ABB5E0}.Debug|Any CPU.ActiveCfg = Debug|Any CPU
		{F3D0BE33-DEB3-4243-8DDD-5CECF2ABB5E0}.Debug|Any CPU.Build.0 = Debug|Any CPU
		{F3D0BE33-DEB3-4243-8DDD-5CECF2ABB5E0}.Debug|ARM.ActiveCfg = Debug|Any CPU
		{F3D0BE33-DEB3-4243-8DDD-5CECF2ABB5E0}.Debug|ARM.Build.0 = Debug|Any CPU
		{F3D0BE33-DEB3-4243-8DDD-5CECF2ABB5E0}.Debug|iPhone.ActiveCfg = Debug|Any CPU
		{F3D0BE33-DEB3-4243-8DDD-5CECF2ABB5E0}.Debug|iPhone.Build.0 = Debug|Any CPU
		{F3D0BE33-DEB3-4243-8DDD-5CECF2ABB5E0}.Debug|iPhoneSimulator.ActiveCfg = Debug|Any CPU
		{F3D0BE33-DEB3-4243-8DDD-5CECF2ABB5E0}.Debug|iPhoneSimulator.Build.0 = Debug|Any CPU
		{F3D0BE33-DEB3-4243-8DDD-5CECF2ABB5E0}.Debug|x64.ActiveCfg = Debug|Any CPU
		{F3D0BE33-DEB3-4243-8DDD-5CECF2ABB5E0}.Debug|x64.Build.0 = Debug|Any CPU
		{F3D0BE33-DEB3-4243-8DDD-5CECF2ABB5E0}.Debug|x86.ActiveCfg = Debug|Any CPU
		{F3D0BE33-DEB3-4243-8DDD-5CECF2ABB5E0}.Debug|x86.Build.0 = Debug|Any CPU
		{F3D0BE33-DEB3-4243-8DDD-5CECF2ABB5E0}.Release|Any CPU.ActiveCfg = Release|Any CPU
		{F3D0BE33-DEB3-4243-8DDD-5CECF2ABB5E0}.Release|Any CPU.Build.0 = Release|Any CPU
		{F3D0BE33-DEB3-4243-8DDD-5CECF2ABB5E0}.Release|ARM.ActiveCfg = Release|Any CPU
		{F3D0BE33-DEB3-4243-8DDD-5CECF2ABB5E0}.Release|ARM.Build.0 = Release|Any CPU
		{F3D0BE33-DEB3-4243-8DDD-5CECF2ABB5E0}.Release|iPhone.ActiveCfg = Release|Any CPU
		{F3D0BE33-DEB3-4243-8DDD-5CECF2ABB5E0}.Release|iPhone.Build.0 = Release|Any CPU
		{F3D0BE33-DEB3-4243-8DDD-5CECF2ABB5E0}.Release|iPhoneSimulator.ActiveCfg = Release|Any CPU
		{F3D0BE33-DEB3-4243-8DDD-5CECF2ABB5E0}.Release|iPhoneSimulator.Build.0 = Release|Any CPU
		{F3D0BE33-DEB3-4243-8DDD-5CECF2ABB5E0}.Release|x64.ActiveCfg = Release|Any CPU
		{F3D0BE33-DEB3-4243-8DDD-5CECF2ABB5E0}.Release|x64.Build.0 = Release|Any CPU
		{F3D0BE33-DEB3-4243-8DDD-5CECF2ABB5E0}.Release|x86.ActiveCfg = Release|Any CPU
		{F3D0BE33-DEB3-4243-8DDD-5CECF2ABB5E0}.Release|x86.Build.0 = Release|Any CPU
		{0BC4FF2B-6B17-44F9-B8DB-3D06B2496F64}.Ad-Hoc|Any CPU.ActiveCfg = Release|Any CPU
		{0BC4FF2B-6B17-44F9-B8DB-3D06B2496F64}.Ad-Hoc|Any CPU.Build.0 = Release|Any CPU
		{0BC4FF2B-6B17-44F9-B8DB-3D06B2496F64}.Ad-Hoc|ARM.ActiveCfg = Release|Any CPU
		{0BC4FF2B-6B17-44F9-B8DB-3D06B2496F64}.Ad-Hoc|ARM.Build.0 = Release|Any CPU
		{0BC4FF2B-6B17-44F9-B8DB-3D06B2496F64}.Ad-Hoc|iPhone.ActiveCfg = Release|Any CPU
		{0BC4FF2B-6B17-44F9-B8DB-3D06B2496F64}.Ad-Hoc|iPhone.Build.0 = Release|Any CPU
		{0BC4FF2B-6B17-44F9-B8DB-3D06B2496F64}.Ad-Hoc|iPhoneSimulator.ActiveCfg = Release|Any CPU
		{0BC4FF2B-6B17-44F9-B8DB-3D06B2496F64}.Ad-Hoc|iPhoneSimulator.Build.0 = Release|Any CPU
		{0BC4FF2B-6B17-44F9-B8DB-3D06B2496F64}.Ad-Hoc|x64.ActiveCfg = Release|Any CPU
		{0BC4FF2B-6B17-44F9-B8DB-3D06B2496F64}.Ad-Hoc|x64.Build.0 = Release|Any CPU
		{0BC4FF2B-6B17-44F9-B8DB-3D06B2496F64}.Ad-Hoc|x86.ActiveCfg = Release|Any CPU
		{0BC4FF2B-6B17-44F9-B8DB-3D06B2496F64}.Ad-Hoc|x86.Build.0 = Release|Any CPU
		{0BC4FF2B-6B17-44F9-B8DB-3D06B2496F64}.AppStore|Any CPU.ActiveCfg = Release|Any CPU
		{0BC4FF2B-6B17-44F9-B8DB-3D06B2496F64}.AppStore|Any CPU.Build.0 = Release|Any CPU
		{0BC4FF2B-6B17-44F9-B8DB-3D06B2496F64}.AppStore|ARM.ActiveCfg = Release|Any CPU
		{0BC4FF2B-6B17-44F9-B8DB-3D06B2496F64}.AppStore|ARM.Build.0 = Release|Any CPU
		{0BC4FF2B-6B17-44F9-B8DB-3D06B2496F64}.AppStore|iPhone.ActiveCfg = Release|Any CPU
		{0BC4FF2B-6B17-44F9-B8DB-3D06B2496F64}.AppStore|iPhone.Build.0 = Release|Any CPU
		{0BC4FF2B-6B17-44F9-B8DB-3D06B2496F64}.AppStore|iPhoneSimulator.ActiveCfg = Release|Any CPU
		{0BC4FF2B-6B17-44F9-B8DB-3D06B2496F64}.AppStore|iPhoneSimulator.Build.0 = Release|Any CPU
		{0BC4FF2B-6B17-44F9-B8DB-3D06B2496F64}.AppStore|x64.ActiveCfg = Release|Any CPU
		{0BC4FF2B-6B17-44F9-B8DB-3D06B2496F64}.AppStore|x64.Build.0 = Release|Any CPU
		{0BC4FF2B-6B17-44F9-B8DB-3D06B2496F64}.AppStore|x86.ActiveCfg = Release|Any CPU
		{0BC4FF2B-6B17-44F9-B8DB-3D06B2496F64}.AppStore|x86.Build.0 = Release|Any CPU
		{0BC4FF2B-6B17-44F9-B8DB-3D06B2496F64}.Debug|Any CPU.ActiveCfg = Debug|Any CPU
		{0BC4FF2B-6B17-44F9-B8DB-3D06B2496F64}.Debug|Any CPU.Build.0 = Debug|Any CPU
		{0BC4FF2B-6B17-44F9-B8DB-3D06B2496F64}.Debug|ARM.ActiveCfg = Debug|Any CPU
		{0BC4FF2B-6B17-44F9-B8DB-3D06B2496F64}.Debug|ARM.Build.0 = Debug|Any CPU
		{0BC4FF2B-6B17-44F9-B8DB-3D06B2496F64}.Debug|iPhone.ActiveCfg = Debug|Any CPU
		{0BC4FF2B-6B17-44F9-B8DB-3D06B2496F64}.Debug|iPhone.Build.0 = Debug|Any CPU
		{0BC4FF2B-6B17-44F9-B8DB-3D06B2496F64}.Debug|iPhoneSimulator.ActiveCfg = Debug|Any CPU
		{0BC4FF2B-6B17-44F9-B8DB-3D06B2496F64}.Debug|iPhoneSimulator.Build.0 = Debug|Any CPU
		{0BC4FF2B-6B17-44F9-B8DB-3D06B2496F64}.Debug|x64.ActiveCfg = Debug|Any CPU
		{0BC4FF2B-6B17-44F9-B8DB-3D06B2496F64}.Debug|x64.Build.0 = Debug|Any CPU
		{0BC4FF2B-6B17-44F9-B8DB-3D06B2496F64}.Debug|x86.ActiveCfg = Debug|Any CPU
		{0BC4FF2B-6B17-44F9-B8DB-3D06B2496F64}.Debug|x86.Build.0 = Debug|Any CPU
		{0BC4FF2B-6B17-44F9-B8DB-3D06B2496F64}.Release|Any CPU.ActiveCfg = Release|Any CPU
		{0BC4FF2B-6B17-44F9-B8DB-3D06B2496F64}.Release|Any CPU.Build.0 = Release|Any CPU
		{0BC4FF2B-6B17-44F9-B8DB-3D06B2496F64}.Release|ARM.ActiveCfg = Release|Any CPU
		{0BC4FF2B-6B17-44F9-B8DB-3D06B2496F64}.Release|ARM.Build.0 = Release|Any CPU
		{0BC4FF2B-6B17-44F9-B8DB-3D06B2496F64}.Release|iPhone.ActiveCfg = Release|Any CPU
		{0BC4FF2B-6B17-44F9-B8DB-3D06B2496F64}.Release|iPhone.Build.0 = Release|Any CPU
		{0BC4FF2B-6B17-44F9-B8DB-3D06B2496F64}.Release|iPhoneSimulator.ActiveCfg = Release|Any CPU
		{0BC4FF2B-6B17-44F9-B8DB-3D06B2496F64}.Release|iPhoneSimulator.Build.0 = Release|Any CPU
		{0BC4FF2B-6B17-44F9-B8DB-3D06B2496F64}.Release|x64.ActiveCfg = Release|Any CPU
		{0BC4FF2B-6B17-44F9-B8DB-3D06B2496F64}.Release|x64.Build.0 = Release|Any CPU
		{0BC4FF2B-6B17-44F9-B8DB-3D06B2496F64}.Release|x86.ActiveCfg = Release|Any CPU
		{0BC4FF2B-6B17-44F9-B8DB-3D06B2496F64}.Release|x86.Build.0 = Release|Any CPU
	EndGlobalSection
	GlobalSection(SolutionProperties) = preSolution
		HideSolutionNode = FALSE
	EndGlobalSection
	GlobalSection(TeamFoundationVersionControl) = preSolution
		SccNumberOfProjects = 8
		SccEnterpriseProvider = {4CA58AB2-18FA-4F8D-95D4-32DDF27D184C}
		SccTeamFoundationServer = https://karthikswarna.visualstudio.com/defaultcollection
		SccLocalPath0 = .
		SccProjectUniqueName1 = MovieMeter.Droid\\MovieMeter.Droid.csproj
		SccProjectName1 = MovieMeter.Droid
		SccLocalPath1 = MovieMeter.Droid
		SccProjectUniqueName2 = MovieMeter.iOS\\MovieMeter.iOS.csproj
		SccProjectName2 = MovieMeter.iOS
		SccLocalPath2 = MovieMeter.iOS
		SccProjectUniqueName3 = MovieMeter.Service\\MovieMeter.Service.csproj
		SccProjectName3 = MovieMeter.Service
		SccLocalPath3 = MovieMeter.Service
		SccProjectUniqueName4 = MovieMeter.UWP\\MovieMeter.UWP.csproj
		SccProjectName4 = MovieMeter.UWP
		SccLocalPath4 = MovieMeter.UWP
		SccProjectUniqueName5 = MovieMeter.Windows\\MovieMeter.Windows.csproj
		SccProjectName5 = MovieMeter.Windows
		SccLocalPath5 = MovieMeter.Windows
		SccProjectUniqueName6 = MovieMeter.WinPhone\\MovieMeter.WinPhone.csproj
		SccProjectName6 = MovieMeter.WinPhone
		SccLocalPath6 = MovieMeter.WinPhone
		SccProjectUniqueName7 = MovieMeter\\MovieMeter.Forms.csproj
		SccProjectName7 = MovieMeter
		SccLocalPath7 = MovieMeter
	EndGlobalSection
EndGlobal
