
Microsoft Visual Studio Solution File, Format Version 12.00
# Visual Studio 14
VisualStudioVersion = 14.0.23107.0
MinimumVisualStudioVersion = 10.0.40219.1
Project("{FAE04EC0-301F-11D3-BF4B-00C04F79EFBC}") = "ProjectManhattan", "ProjectManhattan\ProjectManhattan.csproj", "{834C373C-C26C-477E-B5A9-FDDA4F065FEB}"
EndProject
Project("{FAE04EC0-301F-11D3-BF4B-00C04F79EFBC}") = "ProjectManhattan.Tests", "ProjectManhattan.Tests\ProjectManhattan.Tests.csproj", "{0F6968E2-126D-481C-AA2A-311C0C2346C2}"
EndProject
Project("{FAE04EC0-301F-11D3-BF4B-00C04F79EFBC}") = "DTO", "..\DTO\DTO.csproj", "{2CA6BDE0-A3AF-47FD-9924-97959ED79E44}"
EndProject
Global
	GlobalSection(SolutionConfigurationPlatforms) = preSolution
		Debug|Any CPU = Debug|Any CPU
		Release|Any CPU = Release|Any CPU
	EndGlobalSection
	GlobalSection(ProjectConfigurationPlatforms) = postSolution
		{834C373C-C26C-477E-B5A9-FDDA4F065FEB}.Debug|Any CPU.ActiveCfg = Debug|Any CPU
		{834C373C-C26C-477E-B5A9-FDDA4F065FEB}.Debug|Any CPU.Build.0 = Debug|Any CPU
		{834C373C-C26C-477E-B5A9-FDDA4F065FEB}.Release|Any CPU.ActiveCfg = Release|Any CPU
		{834C373C-C26C-477E-B5A9-FDDA4F065FEB}.Release|Any CPU.Build.0 = Release|Any CPU
		{0F6968E2-126D-481C-AA2A-311C0C2346C2}.Debug|Any CPU.ActiveCfg = Debug|Any CPU
		{0F6968E2-126D-481C-AA2A-311C0C2346C2}.Debug|Any CPU.Build.0 = Debug|Any CPU
		{0F6968E2-126D-481C-AA2A-311C0C2346C2}.Release|Any CPU.ActiveCfg = Release|Any CPU
		{0F6968E2-126D-481C-AA2A-311C0C2346C2}.Release|Any CPU.Build.0 = Release|Any CPU
		{2CA6BDE0-A3AF-47FD-9924-97959ED79E44}.Debug|Any CPU.ActiveCfg = Debug|Any CPU
		{2CA6BDE0-A3AF-47FD-9924-97959ED79E44}.Debug|Any CPU.Build.0 = Debug|Any CPU
		{2CA6BDE0-A3AF-47FD-9924-97959ED79E44}.Release|Any CPU.ActiveCfg = Release|Any CPU
		{2CA6BDE0-A3AF-47FD-9924-97959ED79E44}.Release|Any CPU.Build.0 = Release|Any CPU
	EndGlobalSection
	GlobalSection(SolutionProperties) = preSolution
		HideSolutionNode = FALSE
	EndGlobalSection
	GlobalSection(TeamFoundationVersionControl) = preSolution
		SccNumberOfProjects = 4
		SccEnterpriseProvider = {4CA58AB2-18FA-4F8D-95D4-32DDF27D184C}
		SccTeamFoundationServer = https://karthikswarna.visualstudio.com/defaultcollection
		SccLocalPath0 = .
		SccProjectUniqueName1 = ProjectManhattan.Tests\\ProjectManhattan.Tests.csproj
		SccProjectName1 = ProjectManhattan.Tests
		SccLocalPath1 = ProjectManhattan.Tests
		SccProjectUniqueName2 = ProjectManhattan\\ProjectManhattan.csproj
		SccProjectName2 = ProjectManhattan
		SccLocalPath2 = ProjectManhattan
		SccProjectUniqueName3 = ..\\DTO\\DTO.csproj
		SccProjectName3 = ../DTO
		SccLocalPath3 = ..\\DTO
	EndGlobalSection
EndGlobal
