
Microsoft Visual Studio Solution File, Format Version 12.00
# Visual Studio 14
VisualStudioVersion = 14.0.23107.0
MinimumVisualStudioVersion = 10.0.40219.1
Project("{FAE04EC0-301F-11D3-BF4B-00C04F79EFBC}") = "DataLoader", "DataLoader\DataLoader.csproj", "{ED1788A3-C853-41D3-945D-3CC4295815F2}"
EndProject
Project("{FAE04EC0-301F-11D3-BF4B-00C04F79EFBC}") = "DataLoader.Tests", "DataLoader.Tests\DataLoader.Tests.csproj", "{2A6D92DB-08FB-499B-ADD9-0F8E25FD5058}"
EndProject
Global
	GlobalSection(SolutionConfigurationPlatforms) = preSolution
		Debug|Any CPU = Debug|Any CPU
		Release|Any CPU = Release|Any CPU
	EndGlobalSection
	GlobalSection(ProjectConfigurationPlatforms) = postSolution
		{ED1788A3-C853-41D3-945D-3CC4295815F2}.Debug|Any CPU.ActiveCfg = Debug|Any CPU
		{ED1788A3-C853-41D3-945D-3CC4295815F2}.Debug|Any CPU.Build.0 = Debug|Any CPU
		{ED1788A3-C853-41D3-945D-3CC4295815F2}.Release|Any CPU.ActiveCfg = Release|Any CPU
		{ED1788A3-C853-41D3-945D-3CC4295815F2}.Release|Any CPU.Build.0 = Release|Any CPU
		{2A6D92DB-08FB-499B-ADD9-0F8E25FD5058}.Debug|Any CPU.ActiveCfg = Debug|Any CPU
		{2A6D92DB-08FB-499B-ADD9-0F8E25FD5058}.Debug|Any CPU.Build.0 = Debug|Any CPU
		{2A6D92DB-08FB-499B-ADD9-0F8E25FD5058}.Release|Any CPU.ActiveCfg = Release|Any CPU
		{2A6D92DB-08FB-499B-ADD9-0F8E25FD5058}.Release|Any CPU.Build.0 = Release|Any CPU
	EndGlobalSection
	GlobalSection(SolutionProperties) = preSolution
		HideSolutionNode = FALSE
	EndGlobalSection
	GlobalSection(TeamFoundationVersionControl) = preSolution
		SccNumberOfProjects = 3
		SccEnterpriseProvider = {4CA58AB2-18FA-4F8D-95D4-32DDF27D184C}
		SccTeamFoundationServer = https://karthikswarna.visualstudio.com/defaultcollection
		SccLocalPath0 = .
		SccProjectUniqueName1 = DataLoader.Tests\\DataLoader.Tests.csproj
		SccProjectName1 = DataLoader.Tests
		SccLocalPath1 = DataLoader.Tests
		SccProjectUniqueName2 = DataLoader\\DataLoader.csproj
		SccProjectName2 = DataLoader
		SccLocalPath2 = DataLoader
	EndGlobalSection
EndGlobal
